# This file was autogenerated by Stack.
# You should not edit this file by hand.
# For more information, please see the documentation at:
#   https://docs.haskellstack.org/en/stable/lock_files

packages:
- completed:
    hackage: aeson-1.4.5.0@sha256:451b48781e6f85102675778b54cd8f0e0cafa5bdf950c2989223cc22f9baa20e,6964
    pantry-tree:
      size: 40193
      sha256: 2a66131492bcf981138f4723ea5c71058ce5b37b0f1b50db020321c1cee1545b
  original:
    hackage: aeson-1.4.5.0
- completed:
    hackage: base64-bytestring-1.0.0.1@sha256:40e088e357790fe3709ff7b9dd18d79b866e2936b13ade184bc9355315fb3ab5,1600
    pantry-tree:
      size: 802
      sha256: c42b79b977869239bea07fbbb4b38143b18b0eb0141aae8ef2bba694af415374
  original:
    hackage: base64-bytestring-1.0.0.1
- completed:
    hackage: binary-0.8.7.0@sha256:ae3e6cca723ac55c54bbb3fa771bcf18142bc727afd57818e66d6ee6c8044f12,7705
    pantry-tree:
      size: 1976
      sha256: 35e44b6d3ccf0d56fc5407dc3f0895e74696a66da189afbd65973c95743f5e25
  original:
    hackage: binary-0.8.7.0
- completed:
    hackage: bytestring-0.10.8.2@sha256:0a58355cb91bc9930f951a6d14f5fb4a6022647c3aab2b7223e888843bb6a832,8921
    pantry-tree:
      size: 2788
      sha256: 5ebb0fddb2f9cdf4a295bbb610279ba7651547355d882942ad08c62efb00183c
  original:
    hackage: bytestring-0.10.8.2
- completed:
    hackage: concurrent-extra-0.7.0.12@sha256:f9a9c09770dbe32eeb3c741ef6c4e0b3389a203cd46eeb4c696b11ee66f01423,3386
    pantry-tree:
      size: 1393
      sha256: 1e06b9e225a107ebcb7b1f441f0591140e63c18256fae4a2ef396c298fe44e4a
  original:
    hackage: concurrent-extra-0.7.0.12
- completed:
    hackage: containers-0.6.0.1@sha256:50024f330653c702a339f7743522b3c2a4fff9c6bf5a7071affe270da2ee649a,15843
    pantry-tree:
      size: 4933
      sha256: 9a33a9d98310bf01b0ee2dd041dfdaaabfcbc07547a4c60443678a22cb114299
  original:
    hackage: containers-0.6.0.1
- completed:
    hackage: exceptions-0.10.3@sha256:6e8e66f3acf2ea59f9e100c55a885591c1981789ac2222022ff523c30990efb8,2251
    pantry-tree:
      size: 907
      sha256: 555e4e7082702988b868ca8158d31b248f58c77d7bce4f6fb0fd4e8a92dbad72
  original:
    hackage: exceptions-0.10.3
- completed:
    hackage: monadIO-0.11.1.0@sha256:2407c8aee3a74f3eba897f7c87f702f502394aec8cd412f3d2334cc353f54f13,964
    pantry-tree:
      size: 443
      sha256: 608107686873b5685ba9d29d65a61fad8f6868e58d92da6349902a851345c125
  original:
    hackage: monadIO-0.11.1.0
- completed:
    hackage: network-2.8.0.1@sha256:0f165dffa752d8cde30c2bde86f80609c4f1dc5eeb3182d593041f97839c5b3b,3011
    pantry-tree:
      size: 2488
      sha256: 2dbdda2225969dcd452d983a2ac7e52341e5fc1df76103342c9fac08fc686931
  original:
    hackage: network-2.8.0.1
- completed:
    hackage: network-simple-0.4.1@sha256:4f7c30dd376fd52cb9ac37fb335cfe2f875a15d6c77749a631b9ea10f479a215,1333
    pantry-tree:
      size: 564
      sha256: 08835a0bee024a92b7beea497cdef02e7d4eb7baeb49b6dc3fc9317d528d0a65
  original:
    hackage: network-simple-0.4.1
- completed:
    hackage: optparse-applicative-0.14.3.0@sha256:37d7ff26d8cddf7f2b58e9ed60c1550f3d94b32bc449e3c038be074f256e08a8,4376
    pantry-tree:
      size: 2643
      sha256: c23d41e112198ffb15c57101c90feb3e7dbf2771e48610e3c30fb367f92eaaeb
  original:
    hackage: optparse-applicative-0.14.3.0
- completed:
    hackage: postgresql-simple-0.6.2@sha256:72114f01c546878311ce1d8c7a0e7497bc589e30d995bf4a48ceb99a8ee48ae6,5333
    pantry-tree:
      size: 4055
      sha256: 5fdaed800dee53a8d2a519d5ae04092ba18bf08d81eb817219fb8132bb918ec5
  original:
    hackage: postgresql-simple-0.6.2
- completed:
    hackage: regex-1.0.2.0@sha256:ab18276cfd77f3af9eae7e7cb7d5db818b1a74429bbbbf8d30e18f0c54146513,4450
    pantry-tree:
      size: 3643
      sha256: 2872687fd8afd89a0db1d4754d339b30e6db2d467791ae15920e33144c74b124
  original:
    hackage: regex-1.0.2.0
- completed:
    hackage: regex-compat-0.95.1@sha256:4edfd508d7b65f242e416bbf2ea754d6823440c89776547f947c4096ab25f379,1520
    pantry-tree:
      size: 210
      sha256: 951519f2ad7fd01bf238e81a1d8c010ce3d586fa82fcfc2c740868f3dae7c57f
  original:
    hackage: regex-compat-0.95.1
- completed:
    hackage: stm-2.5.0.0@sha256:c238075f9f0711cd6a78eab6001b3e218cdaa745d6377bf83cc21e58ceec2ea1,2100
    pantry-tree:
      size: 898
      sha256: 8ef9688d399f931a040d5d316ef8d40efacc14fcb099eba637adb7d00e75ecde
  original:
    hackage: stm-2.5.0.0
- completed:
    hackage: text-1.2.3.1@sha256:ceb05f2a77b82bffe58c9ce8d8ad447191e4509bd28c14bf3da610bd6b82a62b,8560
    pantry-tree:
      size: 7456
      sha256: c9b38b60593401bb378b694a42b085d46f74f97d86d39edeb01a616965f2b581
  original:
    hackage: text-1.2.3.1
- completed:
    hackage: time-1.8.0.2@sha256:2a206e80c5a836986db33042893de1e34cb4df60427f73aa61552f6e9866a3aa,5482
    pantry-tree:
      size: 5404
      sha256: d01f87bca5d77addf0d8b565b7de063644836c850915402e8ce3b9d868279213
  original:
    hackage: time-1.8.0.2
- completed:
    hackage: unix-2.7.2.2@sha256:e69269a17b9fa26cb77f3f55e86c39d0a4940ccfa0c4bc20826919d2572076ad,3496
    pantry-tree:
      size: 3536
      sha256: c355f7924ce67e5bf8f20767462af18f09b8c0d1f7161117221cbb94c15deee3
  original:
    hackage: unix-2.7.2.2
- completed:
    hackage: utf8-string-1.0.1.1@sha256:68cc6cf665e7212334a51b63d6936daeaca023b2cfe8637d130acfe95f91700b,1151
    pantry-tree:
      size: 546
      sha256: 94c160d3cba160be807fc2957f539453660cf64bd6cb29879aba82424d03527e
  original:
    hackage: utf8-string-1.0.1.1
- completed:
    cabal-file:
      size: 1339
      sha256: 428696294f4126d78fb03718fca40ba0dd8464f0ae50a2fd1cd9f3e243bde445
    name: loggit
    version: 0.1.0.5
    git: git@github.com-kirkiano:kirkiano/haskell-loggit.git
    pantry-tree:
      size: 601
      sha256: e27a1184d461e754986ece1723ea5bbf3eb4d76055f817059b05836ae03bb44e
    commit: b6e9ab6d98ec7b5da6886b9b059513fbe5ade059
  original:
    git: git@github.com-kirkiano:kirkiano/haskell-loggit.git
    commit: b6e9ab6d98ec7b5da6886b9b059513fbe5ade059
- completed:
    cabal-file:
      size: 1591
      sha256: c21b589e1ec62ff4187c5bbf885e0e47bad5c245266a7fe7d013168d00af9415
    name: send-receive
    version: 0.2.2.7
    git: git@github.com-kirkiano:kirkiano/haskell-send-receive.git
    pantry-tree:
      size: 1040
      sha256: 92c02fc66ca0e3e5583c212e7933e86061e01b858eeac59dd3e5ac96fa2b6063
    commit: b62ef6a225ba79c36e53ab2f571a0caf2c68ace9
  original:
    git: git@github.com-kirkiano:kirkiano/haskell-send-receive.git
    commit: b62ef6a225ba79c36e53ab2f571a0caf2c68ace9
- completed:
    cabal-file:
      size: 2057
      sha256: 5c268003f108d008515af289f3074ffe6c59b068e0e877b43158a01983a8b426
    name: rpg-common
    version: 0.1.0.0
    git: git@github.com-kirkiano:kirkiano/rpg-common-haskell.git
    pantry-tree:
      size: 1294
      sha256: 2d59058ae655dea64278d750790c132ea5006d663bea0cf27191713d39344f60
    commit: c487b0a315ce24fbb2fc26ffc070804519226f94
  original:
    git: git@github.com-kirkiano:kirkiano/rpg-common-haskell.git
    commit: c487b0a315ce24fbb2fc26ffc070804519226f94
snapshots:
- completed:
    size: 524127
    url: https://raw.githubusercontent.com/commercialhaskell/stackage-snapshots/master/lts/14/6.yaml
    sha256: dc70dfb45e2c32f54719819bd055f46855dd4b3bd2e58b9f3f38729a2d553fbb
  original: lts-14.6
