# This file was autogenerated by Stack.
# You should not edit this file by hand.
# For more information, please see the documentation at:
#   https://docs.haskellstack.org/en/stable/lock_files

packages:
- completed:
    hackage: aeson-1.2.3.0@sha256:f0f50f9931760f48e4c7423ef3b8900c49208b46b0d94acb41a57ea694dfa53d,6541
    pantry-tree:
      size: 39725
      sha256: cdba96aff7a4e854fba37650c13f98c37d861d64603763aa84ab4921e74be515
  original:
    hackage: aeson-1.2.3.0
- completed:
    hackage: base64-bytestring-1.0.0.1@sha256:40e088e357790fe3709ff7b9dd18d79b866e2936b13ade184bc9355315fb3ab5,1600
    pantry-tree:
      size: 802
      sha256: c42b79b977869239bea07fbbb4b38143b18b0eb0141aae8ef2bba694af415374
  original:
    hackage: base64-bytestring-1.0.0.1
- completed:
    hackage: bytestring-0.10.8.2@sha256:0a58355cb91bc9930f951a6d14f5fb4a6022647c3aab2b7223e888843bb6a832,8921
    pantry-tree:
      size: 2788
      sha256: 5ebb0fddb2f9cdf4a295bbb610279ba7651547355d882942ad08c62efb00183c
  original:
    hackage: bytestring-0.10.8.2
- completed:
    hackage: case-insensitive-1.2.0.10@sha256:fd0559ad93117c4aaec2fb472a8df73e7e1a424d38e954f6cb0653a2ee48eca4,2521
    pantry-tree:
      size: 688
      sha256: baaa5e11ccfab9104534cac5ed95b14fc4d17b1bacea3af523ca8969f5eb2e12
  original:
    hackage: case-insensitive-1.2.0.10
- completed:
    hackage: concurrent-extra-0.7.0.11@sha256:0bdd563c03ddf04556209a5091cd3c6c5afb011cabccceb6f3b992a382b6c08b,3513
    pantry-tree:
      size: 1393
      sha256: 89fb9c6a3c5d7933fc2186d9b2e13429a7b4403b48afe139471b17ef8d91b88a
  original:
    hackage: concurrent-extra-0.7.0.11
- completed:
    hackage: containers-0.5.10.2@sha256:fa07db748c222a645b917dfd7bd5f83bca12ef0727cfb48ea85112fe02114e3c,10858
    pantry-tree:
      size: 4506
      sha256: 3a5b878404991b6e1ee29a7ed68346c9c304e86799579da41e092d378a07e9b5
  original:
    hackage: containers-0.5.10.2
- completed:
    hackage: cookie-0.4.4@sha256:34a61659b3294a5650296c16ab31d779c46a3d4c691d5147ef10b0648ad6c914,1448
    pantry-tree:
      size: 360
      sha256: 266bc87227b0be72699923cfc7320eb4197af21704df090bd88d2f896b27e330
  original:
    hackage: cookie-0.4.4
- completed:
    hackage: cryptonite-0.24@sha256:4f0865ceb2b6e99f37cb2243831a63ac76b53960c20c75f890f729635551c7d7,16453
    pantry-tree:
      size: 21034
      sha256: 11481d1c7907f723a6a79a9180ddf02b197a6a6acdb23b1a0e8b4d9d8fa1b523
  original:
    hackage: cryptonite-0.24
- completed:
    hackage: directory-1.3.0.2@sha256:321ea2a234fb1f9c901a4295784a0434eb4bc1cb1528b2b2743b5e3fc023fca0,2734
    pantry-tree:
      size: 3034
      sha256: 6287412c81e4ec2519380e0db54939240603a72e4653f25d8fc948627a186d8e
  original:
    hackage: directory-1.3.0.2
- completed:
    hackage: either-4.5@sha256:f5b2e1a60e194da5dd66a381c7c3f1f37b8c5fc714efd8a03904c36857e836c4,1466
    pantry-tree:
      size: 678
      sha256: 396e567c4b43e9b2f894f29d9585b64e18a290b35c05f4e0c4561c4a47136dd2
  original:
    hackage: either-4.5
- completed:
    hackage: filepath-1.4.1.2@sha256:bfe1beec4234b511f1b1c2c50dc390a80043dfca037613bad191681e1a9b1e88,2195
    pantry-tree:
      size: 681
      sha256: 3428b6a1dec3f72a076defea0c826492ef0363bd5922e38c860ee9435badaced
  original:
    hackage: filepath-1.4.1.2
- completed:
    hackage: monad-control-1.0.2.2@sha256:34a2b22c281bec66f231f00fb11dd68a6845be086000ff74e23126f0a77cc1ea,2255
    pantry-tree:
      size: 334
      sha256: d074b869edb5ddb47bc79a93ded705834f8f5cdfbd7cd06aa02e9cbb0a757b4f
  original:
    hackage: monad-control-1.0.2.2
- completed:
    hackage: monadIO-0.10.1.4@sha256:2dc105440a2d21e0b46cb7d9811b22367cbf66fab39c0149ecc24d982166e48c,922
    pantry-tree:
      size: 443
      sha256: 64b40a4cd0033d4dcae1a49b7f79d57ab83dc923636fd3c2904df28de7df0b93
  original:
    hackage: monadIO-0.10.1.4
- completed:
    hackage: network-2.6.3.2@sha256:dd5ba2b71b4ece44d95c68b6c525d3a0f8055875f5a1c7d3432ce20dbc26439c,3311
    pantry-tree:
      size: 2193
      sha256: c7a431a73d53de5c82330234b4e070813345edbf13c155f7e143277889bdb024
  original:
    hackage: network-2.6.3.2
- completed:
    hackage: network-simple-0.4.1@sha256:4f7c30dd376fd52cb9ac37fb335cfe2f875a15d6c77749a631b9ea10f479a215,1333
    pantry-tree:
      size: 564
      sha256: 08835a0bee024a92b7beea497cdef02e7d4eb7baeb49b6dc3fc9317d528d0a65
  original:
    hackage: network-simple-0.4.1
- completed:
    hackage: optparse-applicative-0.14.0.0@sha256:c4891d7f6880d74242cf6b01602995b540b4f5ef648e344215d277127b53e5ea,4426
    pantry-tree:
      size: 2643
      sha256: 242d8a5179b20300d290dc452e82d4f9969caff5534208586ba61aef679c43b2
  original:
    hackage: optparse-applicative-0.14.0.0
- completed:
    hackage: postgresql-simple-0.5.3.0@sha256:229b53f1a1b3a39cb0ae398482b281fc2de0bde5a32e6bb4f2499809edf179c3,3691
    pantry-tree:
      size: 3778
      sha256: cb0dbaed00c46c0728914f3c7629856515d0440ba9bbe9cf8ba121a60f257073
  original:
    hackage: postgresql-simple-0.5.3.0
- completed:
    hackage: process-1.6.1.0@sha256:263e0a819c7c6de08a3aefbb72145efdd431985e00137ba83533841d83b53ba1,2370
    pantry-tree:
      size: 1211
      sha256: a60e59d29a01ced644c330fa71eac592219fa7707dc305e241bd4f357fe97079
  original:
    hackage: process-1.6.1.0
- completed:
    hackage: regex-compat-0.95.1@sha256:4edfd508d7b65f242e416bbf2ea754d6823440c89776547f947c4096ab25f379,1520
    pantry-tree:
      size: 210
      sha256: 951519f2ad7fd01bf238e81a1d8c010ce3d586fa82fcfc2c740868f3dae7c57f
  original:
    hackage: regex-compat-0.95.1
- completed:
    hackage: resource-pool-0.2.3.2@sha256:0955486bc1db37e4eb27acb964185f9e9cb8ad5ce054c85e1e6fd7562b2d7542,1375
    pantry-tree:
      size: 267
      sha256: 07d0db63c72372262b29bb9c8ba63ab6dc1c1779c519c6e65e5fdc7a245ef4eb
  original:
    hackage: resource-pool-0.2.3.2
- completed:
    hackage: stm-2.4.4.1@sha256:49cfd80cba95f84d42eda0045346c8a567df5ce434d4da3d26ac3e977826fc4f,1563
    pantry-tree:
      size: 898
      sha256: 54c488c9302afdfdfd22c639764e057bbf38d44b5e2007e4809d54a56c15b653
  original:
    hackage: stm-2.4.4.1
- completed:
    hackage: text-1.2.2.2@sha256:4bf721f14931bef123aa9b122d18bceec3e9c5f141b9a8c9f3d4b933f851e435,6002
    pantry-tree:
      size: 7376
      sha256: 83347d7a4ae34dc4e5d12dda06b22c0690d6186894da863ce574e71e4b72e738
  original:
    hackage: text-1.2.2.2
- completed:
    hackage: time-1.7.0.1@sha256:1a872f23370af9c9b6ecaf26c00693ba3e7d269b3e5f6f94d5321394eae83987,4150
    pantry-tree:
      size: 4210
      sha256: f0f19b7c4b20f99d6ba694976160f01577244d6547fe01dc8e8d6cad9b9f3cc7
  original:
    hackage: time-1.7.0.1
- completed:
    hackage: unix-2.7.2.2@sha256:e69269a17b9fa26cb77f3f55e86c39d0a4940ccfa0c4bc20826919d2572076ad,3496
    pantry-tree:
      size: 3536
      sha256: c355f7924ce67e5bf8f20767462af18f09b8c0d1f7161117221cbb94c15deee3
  original:
    hackage: unix-2.7.2.2
- completed:
    hackage: utf8-string-1.0.1.1@sha256:68cc6cf665e7212334a51b63d6936daeaca023b2cfe8637d130acfe95f91700b,1151
    pantry-tree:
      size: 546
      sha256: 94c160d3cba160be807fc2957f539453660cf64bd6cb29879aba82424d03527e
  original:
    hackage: utf8-string-1.0.1.1
- completed:
    hackage: websockets-0.12.2.0@sha256:2f46804a3def63df1e40e57e726a00d2661603d8e00e0a2d5b5de8944d0524cb,7612
    pantry-tree:
      size: 2592
      sha256: ef913f308b8fa84de65205e6bf5c7f671a5191fff25f8ab2e23f68bc3069eac4
  original:
    hackage: websockets-0.12.2.0
- completed:
    hackage: Workflow-0.8.3@sha256:1be542eaf091e04c561a2a589f37330b0a65d6d3d5a44609c197a74e8385c64b,2827
    pantry-tree:
      size: 650
      sha256: 3d1f1fb9da6de50930a5c6175e37534288e8a03993d766c8282a42ec46e34da6
  original:
    hackage: Workflow-0.8.3
- completed:
    cabal-file:
      size: 1363
      sha256: 821cec60e234101aaf2f1c2180671ebbd98ac19fc2cd6ca64e677516b0c82a3f
    name: loggit
    version: 0.1.0.1
    git: git@github.com-kirkiano:kirkiano/haskell-loggit.git
    pantry-tree:
      size: 456
      sha256: 85890031827f14667878fd6888da6374541dfb234f1dc546de8c954757db3a26
    commit: 6f49d9930747549657c931095aaa9e94786dc50f
  original:
    git: git@github.com-kirkiano:kirkiano/haskell-loggit.git
    commit: 6f49d9930747549657c931095aaa9e94786dc50f
- completed:
    cabal-file:
      size: 1274
      sha256: fa0f89c1dab735769f100ad624d814446fb7632eea25740c1378a09122b8615e
    name: misc-utils
    version: 0.2.0.3
    git: git@github.com-kirkiano:kirkiano/haskell-misc-utils.git
    pantry-tree:
      size: 800
      sha256: 0f6e1797135f63a9453b0d4a7b92c44183d37275a9c294f92c036b690fc701c4
    commit: 164b0e2e1249a2a3ce14122e21c1694977f383ba
  original:
    git: git@github.com-kirkiano:kirkiano/haskell-misc-utils.git
    commit: 164b0e2e1249a2a3ce14122e21c1694977f383ba
- completed:
    cabal-file:
      size: 1693
      sha256: ada64ddc425d4e750330b41d3fd1a6afa351ca2d233efa724810a255afb58da2
    name: bouncer
    version: 0.1.2.2
    git: git@github.com-kirkiano:kirkiano/haskell-bouncer.git
    pantry-tree:
      size: 550
      sha256: 25ce2b72f167f7f4edaf915894455e5b00bf9566f7fed85ac73be8ec81a9208d
    commit: cfce43e0c40030c3ea1906089ec8a6b14bb4c53c
  original:
    git: git@github.com-kirkiano:kirkiano/haskell-bouncer.git
    commit: cfce43e0c40030c3ea1906089ec8a6b14bb4c53c
- completed:
    cabal-file:
      size: 1697
      sha256: 8097fcfe39c4ba8dc416b95307efbf7974ffdea022159c75287b377768e18198
    name: send-receive
    version: 0.2.2.6
    git: git@github.com-kirkiano:kirkiano/haskell-send-receive.git
    pantry-tree:
      size: 941
      sha256: b618f7009f3f078050104d6db05fd63384752859bedf2b75b4c577066c79955d
    commit: 16e6decbf2d3dd390d03546db1cb4b3aad865282
  original:
    git: git@github.com-kirkiano:kirkiano/haskell-send-receive.git
    commit: 16e6decbf2d3dd390d03546db1cb4b3aad865282
- completed:
    cabal-file:
      size: 1683
      sha256: 87a59b30c1a15b4a5a67d017d4c21e25bb06ac70d48e8e32e16a165b8fc20dcf
    name: thread-mailbox
    version: 0.1.2.0
    git: git@github.com-kirkiano:kirkiano/haskell-thread-mailbox.git
    pantry-tree:
      size: 530
      sha256: 2a3c1af5e8ff79b26972df017422d7eae25e0d242bcad6de8e9c6e96465ffaa0
    commit: 51aaec70a82af1b3e3849e401bc665df750b6bad
  original:
    git: git@github.com-kirkiano:kirkiano/haskell-thread-mailbox.git
    commit: 51aaec70a82af1b3e3849e401bc665df750b6bad
- completed:
    cabal-file:
      size: 1859
      sha256: 7d4dab3d9947a4d1df3ea87c248999a0905934908b20e4727ef2459d582a9ec7
    name: forwarder
    version: 0.1.4.0
    git: git@github.com-kirkiano:kirkiano/haskell-forwarder.git
    pantry-tree:
      size: 753
      sha256: 6e07dda1546f59270192bade870701d13342f2769ccb83bbc24a3419c533608f
    commit: 433e6711293b3774f85b4600e8f3cb31008233ac
  original:
    git: git@github.com-kirkiano:kirkiano/haskell-forwarder.git
    commit: 433e6711293b3774f85b4600e8f3cb31008233ac
snapshots:
- completed:
    size: 566883
    url: https://raw.githubusercontent.com/commercialhaskell/stackage-snapshots/master/lts/10/0.yaml
    sha256: d0ee122a83faa02a679829d43b3485b21827c3cc1cce0db8ac8957b78d45bee3
  original: lts-10.0
